
Microsoft Visual Studio Solution File, Format Version 12.00
# Visual Studio Version 17
VisualStudioVersion = 17.12.35707.178
MinimumVisualStudioVersion = 10.0.40219.1
Project("{8BC9CEB8-8B4A-11D0-8D11-00A0C91BC942}") = "001_bmi", "001_bmi\001_bmi.vcxproj", "{B794F6BF-2D46-4B67-B648-7C61556B766F}"
EndProject
Project("{8BC9CEB8-8B4A-11D0-8D11-00A0C91BC942}") = "002_bmiCPP", "002_bmiCPP\002_bmiCPP.vcxproj", "{7E4650EE-1B4C-45EF-A3C5-153A1CEB628E}"
EndProject
Project("{FAE04EC0-301F-11D3-BF4B-00C04F79EFBC}") = "003_bmiCS", "003_bmiCS\003_bmiCS.csproj", "{F0042B0C-14A0-4EBB-A8D9-E43D541674CB}"
EndProject
Project("{FAE04EC0-301F-11D3-BF4B-00C04F79EFBC}") = "004_bmiForm", "004_bmiForm\004_bmiForm.csproj", "{13761722-4C8E-45FD-BB43-5327BF38D54E}"
EndProject
Project("{FAE04EC0-301F-11D3-BF4B-00C04F79EFBC}") = "005_bmiForm", "005_bmiForm\005_bmiForm.csproj", "{66A9D404-955B-4988-862D-CAD7886B6DBA}"
EndProject
Project("{FAE04EC0-301F-11D3-BF4B-00C04F79EFBC}") = "006_Login", "006_Login\006_Login.csproj", "{B5FF5515-BD3D-4C59-9AF7-C5EB5A7AA0DB}"
EndProject
Project("{FAE04EC0-301F-11D3-BF4B-00C04F79EFBC}") = "007_Format", "007_Format\007_Format.csproj", "{557BEBEB-DA29-44DE-9ED3-D09E7DACD0AA}"
EndProject
Project("{FAE04EC0-301F-11D3-BF4B-00C04F79EFBC}") = "008_basicCotrols", "008_basicCotrols\008_basicCotrols.csproj", "{1B42F11E-BB8E-458B-9A9C-7CCDD5C1EE31}"
EndProject
Project("{FAE04EC0-301F-11D3-BF4B-00C04F79EFBC}") = "009_MessageBox", "009_MessageBox\009_MessageBox.csproj", "{A64A81BF-E75D-4DB4-ADBD-09A524342C1D}"
EndProject
Project("{FAE04EC0-301F-11D3-BF4B-00C04F79EFBC}") = "010_Labels", "010_Labels\010_Labels.csproj", "{F5F69D65-7873-40E1-917C-DBC9FCF56F26}"
EndProject
Project("{FAE04EC0-301F-11D3-BF4B-00C04F79EFBC}") = "011_CheckBox", "011_CheckBox\011_CheckBox.csproj", "{DE2F8D2D-EF37-43FB-B6A6-EC54A5480F3C}"
EndProject
Project("{FAE04EC0-301F-11D3-BF4B-00C04F79EFBC}") = "012_RadioButton", "012_RadioButton\012_RadioButton.csproj", "{743CF95E-1088-422C-9B20-6F9045C0EAE9}"
EndProject
Project("{FAE04EC0-301F-11D3-BF4B-00C04F79EFBC}") = "013_TempConv", "013_TempConv\013_TempConv.csproj", "{9E9A0766-79EE-4983-BF15-C71FAA496CB8}"
EndProject
Project("{FAE04EC0-301F-11D3-BF4B-00C04F79EFBC}") = "014_ScoreCalc", "014_ScoreCalc\014_ScoreCalc.csproj", "{1E1CCFE1-CF2A-4CDC-B581-9E9E0BB9CA21}"
EndProject
Project("{FAE04EC0-301F-11D3-BF4B-00C04F79EFBC}") = "015_gradeCalc", "015_gradeCalc\015_gradeCalc.csproj", "{22F5B822-4498-4A4B-86D4-F016DEFB6F0D}"
EndProject
Global
	GlobalSection(SolutionConfigurationPlatforms) = preSolution
		Debug|Any CPU = Debug|Any CPU
		Debug|x64 = Debug|x64
		Debug|x86 = Debug|x86
		Release|Any CPU = Release|Any CPU
		Release|x64 = Release|x64
		Release|x86 = Release|x86
	EndGlobalSection
	GlobalSection(ProjectConfigurationPlatforms) = postSolution
		{B794F6BF-2D46-4B67-B648-7C61556B766F}.Debug|Any CPU.ActiveCfg = Debug|x64
		{B794F6BF-2D46-4B67-B648-7C61556B766F}.Debug|Any CPU.Build.0 = Debug|x64
		{B794F6BF-2D46-4B67-B648-7C61556B766F}.Debug|x64.ActiveCfg = Debug|x64
		{B794F6BF-2D46-4B67-B648-7C61556B766F}.Debug|x64.Build.0 = Debug|x64
		{B794F6BF-2D46-4B67-B648-7C61556B766F}.Debug|x86.ActiveCfg = Debug|Win32
		{B794F6BF-2D46-4B67-B648-7C61556B766F}.Debug|x86.Build.0 = Debug|Win32
		{B794F6BF-2D46-4B67-B648-7C61556B766F}.Release|Any CPU.ActiveCfg = Release|x64
		{B794F6BF-2D46-4B67-B648-7C61556B766F}.Release|Any CPU.Build.0 = Release|x64
		{B794F6BF-2D46-4B67-B648-7C61556B766F}.Release|x64.ActiveCfg = Release|x64
		{B794F6BF-2D46-4B67-B648-7C61556B766F}.Release|x64.Build.0 = Release|x64
		{B794F6BF-2D46-4B67-B648-7C61556B766F}.Release|x86.ActiveCfg = Release|Win32
		{B794F6BF-2D46-4B67-B648-7C61556B766F}.Release|x86.Build.0 = Release|Win32
		{7E4650EE-1B4C-45EF-A3C5-153A1CEB628E}.Debug|Any CPU.ActiveCfg = Debug|x64
		{7E4650EE-1B4C-45EF-A3C5-153A1CEB628E}.Debug|Any CPU.Build.0 = Debug|x64
		{7E4650EE-1B4C-45EF-A3C5-153A1CEB628E}.Debug|x64.ActiveCfg = Debug|x64
		{7E4650EE-1B4C-45EF-A3C5-153A1CEB628E}.Debug|x64.Build.0 = Debug|x64
		{7E4650EE-1B4C-45EF-A3C5-153A1CEB628E}.Debug|x86.ActiveCfg = Debug|Win32
		{7E4650EE-1B4C-45EF-A3C5-153A1CEB628E}.Debug|x86.Build.0 = Debug|Win32
		{7E4650EE-1B4C-45EF-A3C5-153A1CEB628E}.Release|Any CPU.ActiveCfg = Release|x64
		{7E4650EE-1B4C-45EF-A3C5-153A1CEB628E}.Release|Any CPU.Build.0 = Release|x64
		{7E4650EE-1B4C-45EF-A3C5-153A1CEB628E}.Release|x64.ActiveCfg = Release|x64
		{7E4650EE-1B4C-45EF-A3C5-153A1CEB628E}.Release|x64.Build.0 = Release|x64
		{7E4650EE-1B4C-45EF-A3C5-153A1CEB628E}.Release|x86.ActiveCfg = Release|Win32
		{7E4650EE-1B4C-45EF-A3C5-153A1CEB628E}.Release|x86.Build.0 = Release|Win32
		{F0042B0C-14A0-4EBB-A8D9-E43D541674CB}.Debug|Any CPU.ActiveCfg = Debug|Any CPU
		{F0042B0C-14A0-4EBB-A8D9-E43D541674CB}.Debug|Any CPU.Build.0 = Debug|Any CPU
		{F0042B0C-14A0-4EBB-A8D9-E43D541674CB}.Debug|x64.ActiveCfg = Debug|Any CPU
		{F0042B0C-14A0-4EBB-A8D9-E43D541674CB}.Debug|x64.Build.0 = Debug|Any CPU
		{F0042B0C-14A0-4EBB-A8D9-E43D541674CB}.Debug|x86.ActiveCfg = Debug|Any CPU
		{F0042B0C-14A0-4EBB-A8D9-E43D541674CB}.Debug|x86.Build.0 = Debug|Any CPU
		{F0042B0C-14A0-4EBB-A8D9-E43D541674CB}.Release|Any CPU.ActiveCfg = Release|Any CPU
		{F0042B0C-14A0-4EBB-A8D9-E43D541674CB}.Release|Any CPU.Build.0 = Release|Any CPU
		{F0042B0C-14A0-4EBB-A8D9-E43D541674CB}.Release|x64.ActiveCfg = Release|Any CPU
		{F0042B0C-14A0-4EBB-A8D9-E43D541674CB}.Release|x64.Build.0 = Release|Any CPU
		{F0042B0C-14A0-4EBB-A8D9-E43D541674CB}.Release|x86.ActiveCfg = Release|Any CPU
		{F0042B0C-14A0-4EBB-A8D9-E43D541674CB}.Release|x86.Build.0 = Release|Any CPU
		{13761722-4C8E-45FD-BB43-5327BF38D54E}.Debug|Any CPU.ActiveCfg = Debug|Any CPU
		{13761722-4C8E-45FD-BB43-5327BF38D54E}.Debug|Any CPU.Build.0 = Debug|Any CPU
		{13761722-4C8E-45FD-BB43-5327BF38D54E}.Debug|x64.ActiveCfg = Debug|Any CPU
		{13761722-4C8E-45FD-BB43-5327BF38D54E}.Debug|x64.Build.0 = Debug|Any CPU
		{13761722-4C8E-45FD-BB43-5327BF38D54E}.Debug|x86.ActiveCfg = Debug|Any CPU
		{13761722-4C8E-45FD-BB43-5327BF38D54E}.Debug|x86.Build.0 = Debug|Any CPU
		{13761722-4C8E-45FD-BB43-5327BF38D54E}.Release|Any CPU.ActiveCfg = Release|Any CPU
		{13761722-4C8E-45FD-BB43-5327BF38D54E}.Release|Any CPU.Build.0 = Release|Any CPU
		{13761722-4C8E-45FD-BB43-5327BF38D54E}.Release|x64.ActiveCfg = Release|Any CPU
		{13761722-4C8E-45FD-BB43-5327BF38D54E}.Release|x64.Build.0 = Release|Any CPU
		{13761722-4C8E-45FD-BB43-5327BF38D54E}.Release|x86.ActiveCfg = Release|Any CPU
		{13761722-4C8E-45FD-BB43-5327BF38D54E}.Release|x86.Build.0 = Release|Any CPU
		{66A9D404-955B-4988-862D-CAD7886B6DBA}.Debug|Any CPU.ActiveCfg = Debug|Any CPU
		{66A9D404-955B-4988-862D-CAD7886B6DBA}.Debug|Any CPU.Build.0 = Debug|Any CPU
		{66A9D404-955B-4988-862D-CAD7886B6DBA}.Debug|x64.ActiveCfg = Debug|Any CPU
		{66A9D404-955B-4988-862D-CAD7886B6DBA}.Debug|x64.Build.0 = Debug|Any CPU
		{66A9D404-955B-4988-862D-CAD7886B6DBA}.Debug|x86.ActiveCfg = Debug|Any CPU
		{66A9D404-955B-4988-862D-CAD7886B6DBA}.Debug|x86.Build.0 = Debug|Any CPU
		{66A9D404-955B-4988-862D-CAD7886B6DBA}.Release|Any CPU.ActiveCfg = Release|Any CPU
		{66A9D404-955B-4988-862D-CAD7886B6DBA}.Release|Any CPU.Build.0 = Release|Any CPU
		{66A9D404-955B-4988-862D-CAD7886B6DBA}.Release|x64.ActiveCfg = Release|Any CPU
		{66A9D404-955B-4988-862D-CAD7886B6DBA}.Release|x64.Build.0 = Release|Any CPU
		{66A9D404-955B-4988-862D-CAD7886B6DBA}.Release|x86.ActiveCfg = Release|Any CPU
		{66A9D404-955B-4988-862D-CAD7886B6DBA}.Release|x86.Build.0 = Release|Any CPU
		{B5FF5515-BD3D-4C59-9AF7-C5EB5A7AA0DB}.Debug|Any CPU.ActiveCfg = Debug|Any CPU
		{B5FF5515-BD3D-4C59-9AF7-C5EB5A7AA0DB}.Debug|Any CPU.Build.0 = Debug|Any CPU
		{B5FF5515-BD3D-4C59-9AF7-C5EB5A7AA0DB}.Debug|x64.ActiveCfg = Debug|Any CPU
		{B5FF5515-BD3D-4C59-9AF7-C5EB5A7AA0DB}.Debug|x64.Build.0 = Debug|Any CPU
		{B5FF5515-BD3D-4C59-9AF7-C5EB5A7AA0DB}.Debug|x86.ActiveCfg = Debug|Any CPU
		{B5FF5515-BD3D-4C59-9AF7-C5EB5A7AA0DB}.Debug|x86.Build.0 = Debug|Any CPU
		{B5FF5515-BD3D-4C59-9AF7-C5EB5A7AA0DB}.Release|Any CPU.ActiveCfg = Release|Any CPU
		{B5FF5515-BD3D-4C59-9AF7-C5EB5A7AA0DB}.Release|Any CPU.Build.0 = Release|Any CPU
		{B5FF5515-BD3D-4C59-9AF7-C5EB5A7AA0DB}.Release|x64.ActiveCfg = Release|Any CPU
		{B5FF5515-BD3D-4C59-9AF7-C5EB5A7AA0DB}.Release|x64.Build.0 = Release|Any CPU
		{B5FF5515-BD3D-4C59-9AF7-C5EB5A7AA0DB}.Release|x86.ActiveCfg = Release|Any CPU
		{B5FF5515-BD3D-4C59-9AF7-C5EB5A7AA0DB}.Release|x86.Build.0 = Release|Any CPU
		{557BEBEB-DA29-44DE-9ED3-D09E7DACD0AA}.Debug|Any CPU.ActiveCfg = Debug|Any CPU
		{557BEBEB-DA29-44DE-9ED3-D09E7DACD0AA}.Debug|Any CPU.Build.0 = Debug|Any CPU
		{557BEBEB-DA29-44DE-9ED3-D09E7DACD0AA}.Debug|x64.ActiveCfg = Debug|Any CPU
		{557BEBEB-DA29-44DE-9ED3-D09E7DACD0AA}.Debug|x64.Build.0 = Debug|Any CPU
		{557BEBEB-DA29-44DE-9ED3-D09E7DACD0AA}.Debug|x86.ActiveCfg = Debug|Any CPU
		{557BEBEB-DA29-44DE-9ED3-D09E7DACD0AA}.Debug|x86.Build.0 = Debug|Any CPU
		{557BEBEB-DA29-44DE-9ED3-D09E7DACD0AA}.Release|Any CPU.ActiveCfg = Release|Any CPU
		{557BEBEB-DA29-44DE-9ED3-D09E7DACD0AA}.Release|Any CPU.Build.0 = Release|Any CPU
		{557BEBEB-DA29-44DE-9ED3-D09E7DACD0AA}.Release|x64.ActiveCfg = Release|Any CPU
		{557BEBEB-DA29-44DE-9ED3-D09E7DACD0AA}.Release|x64.Build.0 = Release|Any CPU
		{557BEBEB-DA29-44DE-9ED3-D09E7DACD0AA}.Release|x86.ActiveCfg = Release|Any CPU
		{557BEBEB-DA29-44DE-9ED3-D09E7DACD0AA}.Release|x86.Build.0 = Release|Any CPU
		{1B42F11E-BB8E-458B-9A9C-7CCDD5C1EE31}.Debug|Any CPU.ActiveCfg = Debug|Any CPU
		{1B42F11E-BB8E-458B-9A9C-7CCDD5C1EE31}.Debug|Any CPU.Build.0 = Debug|Any CPU
		{1B42F11E-BB8E-458B-9A9C-7CCDD5C1EE31}.Debug|x64.ActiveCfg = Debug|Any CPU
		{1B42F11E-BB8E-458B-9A9C-7CCDD5C1EE31}.Debug|x64.Build.0 = Debug|Any CPU
		{1B42F11E-BB8E-458B-9A9C-7CCDD5C1EE31}.Debug|x86.ActiveCfg = Debug|Any CPU
		{1B42F11E-BB8E-458B-9A9C-7CCDD5C1EE31}.Debug|x86.Build.0 = Debug|Any CPU
		{1B42F11E-BB8E-458B-9A9C-7CCDD5C1EE31}.Release|Any CPU.ActiveCfg = Release|Any CPU
		{1B42F11E-BB8E-458B-9A9C-7CCDD5C1EE31}.Release|Any CPU.Build.0 = Release|Any CPU
		{1B42F11E-BB8E-458B-9A9C-7CCDD5C1EE31}.Release|x64.ActiveCfg = Release|Any CPU
		{1B42F11E-BB8E-458B-9A9C-7CCDD5C1EE31}.Release|x64.Build.0 = Release|Any CPU
		{1B42F11E-BB8E-458B-9A9C-7CCDD5C1EE31}.Release|x86.ActiveCfg = Release|Any CPU
		{1B42F11E-BB8E-458B-9A9C-7CCDD5C1EE31}.Release|x86.Build.0 = Release|Any CPU
		{A64A81BF-E75D-4DB4-ADBD-09A524342C1D}.Debug|Any CPU.ActiveCfg = Debug|Any CPU
		{A64A81BF-E75D-4DB4-ADBD-09A524342C1D}.Debug|Any CPU.Build.0 = Debug|Any CPU
		{A64A81BF-E75D-4DB4-ADBD-09A524342C1D}.Debug|x64.ActiveCfg = Debug|Any CPU
		{A64A81BF-E75D-4DB4-ADBD-09A524342C1D}.Debug|x64.Build.0 = Debug|Any CPU
		{A64A81BF-E75D-4DB4-ADBD-09A524342C1D}.Debug|x86.ActiveCfg = Debug|Any CPU
		{A64A81BF-E75D-4DB4-ADBD-09A524342C1D}.Debug|x86.Build.0 = Debug|Any CPU
		{A64A81BF-E75D-4DB4-ADBD-09A524342C1D}.Release|Any CPU.ActiveCfg = Release|Any CPU
		{A64A81BF-E75D-4DB4-ADBD-09A524342C1D}.Release|Any CPU.Build.0 = Release|Any CPU
		{A64A81BF-E75D-4DB4-ADBD-09A524342C1D}.Release|x64.ActiveCfg = Release|Any CPU
		{A64A81BF-E75D-4DB4-ADBD-09A524342C1D}.Release|x64.Build.0 = Release|Any CPU
		{A64A81BF-E75D-4DB4-ADBD-09A524342C1D}.Release|x86.ActiveCfg = Release|Any CPU
		{A64A81BF-E75D-4DB4-ADBD-09A524342C1D}.Release|x86.Build.0 = Release|Any CPU
		{F5F69D65-7873-40E1-917C-DBC9FCF56F26}.Debug|Any CPU.ActiveCfg = Debug|Any CPU
		{F5F69D65-7873-40E1-917C-DBC9FCF56F26}.Debug|Any CPU.Build.0 = Debug|Any CPU
		{F5F69D65-7873-40E1-917C-DBC9FCF56F26}.Debug|x64.ActiveCfg = Debug|Any CPU
		{F5F69D65-7873-40E1-917C-DBC9FCF56F26}.Debug|x64.Build.0 = Debug|Any CPU
		{F5F69D65-7873-40E1-917C-DBC9FCF56F26}.Debug|x86.ActiveCfg = Debug|Any CPU
		{F5F69D65-7873-40E1-917C-DBC9FCF56F26}.Debug|x86.Build.0 = Debug|Any CPU
		{F5F69D65-7873-40E1-917C-DBC9FCF56F26}.Release|Any CPU.ActiveCfg = Release|Any CPU
		{F5F69D65-7873-40E1-917C-DBC9FCF56F26}.Release|Any CPU.Build.0 = Release|Any CPU
		{F5F69D65-7873-40E1-917C-DBC9FCF56F26}.Release|x64.ActiveCfg = Release|Any CPU
		{F5F69D65-7873-40E1-917C-DBC9FCF56F26}.Release|x64.Build.0 = Release|Any CPU
		{F5F69D65-7873-40E1-917C-DBC9FCF56F26}.Release|x86.ActiveCfg = Release|Any CPU
		{F5F69D65-7873-40E1-917C-DBC9FCF56F26}.Release|x86.Build.0 = Release|Any CPU
		{DE2F8D2D-EF37-43FB-B6A6-EC54A5480F3C}.Debug|Any CPU.ActiveCfg = Debug|Any CPU
		{DE2F8D2D-EF37-43FB-B6A6-EC54A5480F3C}.Debug|Any CPU.Build.0 = Debug|Any CPU
		{DE2F8D2D-EF37-43FB-B6A6-EC54A5480F3C}.Debug|x64.ActiveCfg = Debug|Any CPU
		{DE2F8D2D-EF37-43FB-B6A6-EC54A5480F3C}.Debug|x64.Build.0 = Debug|Any CPU
		{DE2F8D2D-EF37-43FB-B6A6-EC54A5480F3C}.Debug|x86.ActiveCfg = Debug|Any CPU
		{DE2F8D2D-EF37-43FB-B6A6-EC54A5480F3C}.Debug|x86.Build.0 = Debug|Any CPU
		{DE2F8D2D-EF37-43FB-B6A6-EC54A5480F3C}.Release|Any CPU.ActiveCfg = Release|Any CPU
		{DE2F8D2D-EF37-43FB-B6A6-EC54A5480F3C}.Release|Any CPU.Build.0 = Release|Any CPU
		{DE2F8D2D-EF37-43FB-B6A6-EC54A5480F3C}.Release|x64.ActiveCfg = Release|Any CPU
		{DE2F8D2D-EF37-43FB-B6A6-EC54A5480F3C}.Release|x64.Build.0 = Release|Any CPU
		{DE2F8D2D-EF37-43FB-B6A6-EC54A5480F3C}.Release|x86.ActiveCfg = Release|Any CPU
		{DE2F8D2D-EF37-43FB-B6A6-EC54A5480F3C}.Release|x86.Build.0 = Release|Any CPU
		{743CF95E-1088-422C-9B20-6F9045C0EAE9}.Debug|Any CPU.ActiveCfg = Debug|Any CPU
		{743CF95E-1088-422C-9B20-6F9045C0EAE9}.Debug|Any CPU.Build.0 = Debug|Any CPU
		{743CF95E-1088-422C-9B20-6F9045C0EAE9}.Debug|x64.ActiveCfg = Debug|Any CPU
		{743CF95E-1088-422C-9B20-6F9045C0EAE9}.Debug|x64.Build.0 = Debug|Any CPU
		{743CF95E-1088-422C-9B20-6F9045C0EAE9}.Debug|x86.ActiveCfg = Debug|Any CPU
		{743CF95E-1088-422C-9B20-6F9045C0EAE9}.Debug|x86.Build.0 = Debug|Any CPU
		{743CF95E-1088-422C-9B20-6F9045C0EAE9}.Release|Any CPU.ActiveCfg = Release|Any CPU
		{743CF95E-1088-422C-9B20-6F9045C0EAE9}.Release|Any CPU.Build.0 = Release|Any CPU
		{743CF95E-1088-422C-9B20-6F9045C0EAE9}.Release|x64.ActiveCfg = Release|Any CPU
		{743CF95E-1088-422C-9B20-6F9045C0EAE9}.Release|x64.Build.0 = Release|Any CPU
		{743CF95E-1088-422C-9B20-6F9045C0EAE9}.Release|x86.ActiveCfg = Release|Any CPU
		{743CF95E-1088-422C-9B20-6F9045C0EAE9}.Release|x86.Build.0 = Release|Any CPU
		{9E9A0766-79EE-4983-BF15-C71FAA496CB8}.Debug|Any CPU.ActiveCfg = Debug|Any CPU
		{9E9A0766-79EE-4983-BF15-C71FAA496CB8}.Debug|Any CPU.Build.0 = Debug|Any CPU
		{9E9A0766-79EE-4983-BF15-C71FAA496CB8}.Debug|x64.ActiveCfg = Debug|Any CPU
		{9E9A0766-79EE-4983-BF15-C71FAA496CB8}.Debug|x64.Build.0 = Debug|Any CPU
		{9E9A0766-79EE-4983-BF15-C71FAA496CB8}.Debug|x86.ActiveCfg = Debug|Any CPU
		{9E9A0766-79EE-4983-BF15-C71FAA496CB8}.Debug|x86.Build.0 = Debug|Any CPU
		{9E9A0766-79EE-4983-BF15-C71FAA496CB8}.Release|Any CPU.ActiveCfg = Release|Any CPU
		{9E9A0766-79EE-4983-BF15-C71FAA496CB8}.Release|Any CPU.Build.0 = Release|Any CPU
		{9E9A0766-79EE-4983-BF15-C71FAA496CB8}.Release|x64.ActiveCfg = Release|Any CPU
		{9E9A0766-79EE-4983-BF15-C71FAA496CB8}.Release|x64.Build.0 = Release|Any CPU
		{9E9A0766-79EE-4983-BF15-C71FAA496CB8}.Release|x86.ActiveCfg = Release|Any CPU
		{9E9A0766-79EE-4983-BF15-C71FAA496CB8}.Release|x86.Build.0 = Release|Any CPU
		{1E1CCFE1-CF2A-4CDC-B581-9E9E0BB9CA21}.Debug|Any CPU.ActiveCfg = Debug|Any CPU
		{1E1CCFE1-CF2A-4CDC-B581-9E9E0BB9CA21}.Debug|Any CPU.Build.0 = Debug|Any CPU
		{1E1CCFE1-CF2A-4CDC-B581-9E9E0BB9CA21}.Debug|x64.ActiveCfg = Debug|Any CPU
		{1E1CCFE1-CF2A-4CDC-B581-9E9E0BB9CA21}.Debug|x64.Build.0 = Debug|Any CPU
		{1E1CCFE1-CF2A-4CDC-B581-9E9E0BB9CA21}.Debug|x86.ActiveCfg = Debug|Any CPU
		{1E1CCFE1-CF2A-4CDC-B581-9E9E0BB9CA21}.Debug|x86.Build.0 = Debug|Any CPU
		{1E1CCFE1-CF2A-4CDC-B581-9E9E0BB9CA21}.Release|Any CPU.ActiveCfg = Release|Any CPU
		{1E1CCFE1-CF2A-4CDC-B581-9E9E0BB9CA21}.Release|Any CPU.Build.0 = Release|Any CPU
		{1E1CCFE1-CF2A-4CDC-B581-9E9E0BB9CA21}.Release|x64.ActiveCfg = Release|Any CPU
		{1E1CCFE1-CF2A-4CDC-B581-9E9E0BB9CA21}.Release|x64.Build.0 = Release|Any CPU
		{1E1CCFE1-CF2A-4CDC-B581-9E9E0BB9CA21}.Release|x86.ActiveCfg = Release|Any CPU
		{1E1CCFE1-CF2A-4CDC-B581-9E9E0BB9CA21}.Release|x86.Build.0 = Release|Any CPU
		{22F5B822-4498-4A4B-86D4-F016DEFB6F0D}.Debug|Any CPU.ActiveCfg = Debug|Any CPU
		{22F5B822-4498-4A4B-86D4-F016DEFB6F0D}.Debug|Any CPU.Build.0 = Debug|Any CPU
		{22F5B822-4498-4A4B-86D4-F016DEFB6F0D}.Debug|x64.ActiveCfg = Debug|Any CPU
		{22F5B822-4498-4A4B-86D4-F016DEFB6F0D}.Debug|x64.Build.0 = Debug|Any CPU
		{22F5B822-4498-4A4B-86D4-F016DEFB6F0D}.Debug|x86.ActiveCfg = Debug|Any CPU
		{22F5B822-4498-4A4B-86D4-F016DEFB6F0D}.Debug|x86.Build.0 = Debug|Any CPU
		{22F5B822-4498-4A4B-86D4-F016DEFB6F0D}.Release|Any CPU.ActiveCfg = Release|Any CPU
		{22F5B822-4498-4A4B-86D4-F016DEFB6F0D}.Release|Any CPU.Build.0 = Release|Any CPU
		{22F5B822-4498-4A4B-86D4-F016DEFB6F0D}.Release|x64.ActiveCfg = Release|Any CPU
		{22F5B822-4498-4A4B-86D4-F016DEFB6F0D}.Release|x64.Build.0 = Release|Any CPU
		{22F5B822-4498-4A4B-86D4-F016DEFB6F0D}.Release|x86.ActiveCfg = Release|Any CPU
		{22F5B822-4498-4A4B-86D4-F016DEFB6F0D}.Release|x86.Build.0 = Release|Any CPU
	EndGlobalSection
	GlobalSection(SolutionProperties) = preSolution
		HideSolutionNode = FALSE
	EndGlobalSection
EndGlobal
