
Microsoft Visual Studio Solution File, Format Version 12.00
# Visual Studio Version 17
VisualStudioVersion = 17.12.35707.178
MinimumVisualStudioVersion = 10.0.40219.1
Project("{8BC9CEB8-8B4A-11D0-8D11-00A0C91BC942}") = "001_bmi", "001_bmi\001_bmi.vcxproj", "{B794F6BF-2D46-4B67-B648-7C61556B766F}"
EndProject
Project("{8BC9CEB8-8B4A-11D0-8D11-00A0C91BC942}") = "002_bmiCPP", "002_bmiCPP\002_bmiCPP.vcxproj", "{7E4650EE-1B4C-45EF-A3C5-153A1CEB628E}"
EndProject
Project("{FAE04EC0-301F-11D3-BF4B-00C04F79EFBC}") = "003_bmiCS", "003_bmiCS\003_bmiCS.csproj", "{F0042B0C-14A0-4EBB-A8D9-E43D541674CB}"
EndProject
Project("{FAE04EC0-301F-11D3-BF4B-00C04F79EFBC}") = "004_bmiForm", "004_bmiForm\004_bmiForm.csproj", "{13761722-4C8E-45FD-BB43-5327BF38D54E}"
EndProject
Project("{FAE04EC0-301F-11D3-BF4B-00C04F79EFBC}") = "005_bmiForm", "005_bmiForm\005_bmiForm.csproj", "{66A9D404-955B-4988-862D-CAD7886B6DBA}"
EndProject
Project("{FAE04EC0-301F-11D3-BF4B-00C04F79EFBC}") = "006_Login", "006_Login\006_Login.csproj", "{B5FF5515-BD3D-4C59-9AF7-C5EB5A7AA0DB}"
EndProject
Project("{FAE04EC0-301F-11D3-BF4B-00C04F79EFBC}") = "007_Format", "007_Format\007_Format.csproj", "{557BEBEB-DA29-44DE-9ED3-D09E7DACD0AA}"
EndProject
Project("{FAE04EC0-301F-11D3-BF4B-00C04F79EFBC}") = "008_basicCotrols", "008_basicCotrols\008_basicCotrols.csproj", "{1B42F11E-BB8E-458B-9A9C-7CCDD5C1EE31}"
EndProject
Project("{FAE04EC0-301F-11D3-BF4B-00C04F79EFBC}") = "009_MessageBox", "009_MessageBox\009_MessageBox.csproj", "{A64A81BF-E75D-4DB4-ADBD-09A524342C1D}"
EndProject
Project("{FAE04EC0-301F-11D3-BF4B-00C04F79EFBC}") = "010_Labels", "010_Labels\010_Labels.csproj", "{F5F69D65-7873-40E1-917C-DBC9FCF56F26}"
EndProject
Project("{FAE04EC0-301F-11D3-BF4B-00C04F79EFBC}") = "011_CheckBox", "011_CheckBox\011_CheckBox.csproj", "{DE2F8D2D-EF37-43FB-B6A6-EC54A5480F3C}"
EndProject
Project("{FAE04EC0-301F-11D3-BF4B-00C04F79EFBC}") = "012_RadioButton", "012_RadioButton\012_RadioButton.csproj", "{743CF95E-1088-422C-9B20-6F9045C0EAE9}"
EndProject
Project("{FAE04EC0-301F-11D3-BF4B-00C04F79EFBC}") = "013_TempConv", "013_TempConv\013_TempConv.csproj", "{9E9A0766-79EE-4983-BF15-C71FAA496CB8}"
EndProject
Project("{FAE04EC0-301F-11D3-BF4B-00C04F79EFBC}") = "014_ScoreCalc", "014_ScoreCalc\014_ScoreCalc.csproj", "{1E1CCFE1-CF2A-4CDC-B581-9E9E0BB9CA21}"
EndProject
Project("{FAE04EC0-301F-11D3-BF4B-00C04F79EFBC}") = "015_gradeCalc", "015_gradeCalc\015_gradeCalc.csproj", "{22F5B822-4498-4A4B-86D4-F016DEFB6F0D}"
EndProject
Project("{FAE04EC0-301F-11D3-BF4B-00C04F79EFBC}") = "016_chart", "016_chart\016_chart.csproj", "{01652BCC-BA1F-4D9F-969A-E1CA743A8198}"
EndProject
Project("{FAE04EC0-301F-11D3-BF4B-00C04F79EFBC}") = "017_chart2", "017_chart2\017_chart2.csproj", "{D516FEC7-2B77-4F86-8DFC-BDDBF649F3A1}"
EndProject
Project("{FAE04EC0-301F-11D3-BF4B-00C04F79EFBC}") = "018_graph", "018_graph\018_graph.csproj", "{25BB52F4-BA98-4EAC-A2A6-60FE43EB3638}"
EndProject
Project("{FAE04EC0-301F-11D3-BF4B-00C04F79EFBC}") = "019_dClock", "019_dClock\019_dClock.csproj", "{15EFAD61-E4AF-44A5-836D-2358F008EA7A}"
EndProject
Project("{FAE04EC0-301F-11D3-BF4B-00C04F79EFBC}") = "020_array1", "020_array1\020_array1.csproj", "{5150E82B-58EC-47C8-BD21-34B7E8FB3C97}"
EndProject
Project("{FAE04EC0-301F-11D3-BF4B-00C04F79EFBC}") = "021_class", "021_class\021_class.csproj", "{373CFF78-6E8F-44C5-8B65-5082543C197A}"
EndProject
Project("{FAE04EC0-301F-11D3-BF4B-00C04F79EFBC}") = "022_class2", "022_class2\022_class2.csproj", "{83CC591F-95A4-4530-A5C0-F6F653E2049E}"
EndProject
Project("{FAE04EC0-301F-11D3-BF4B-00C04F79EFBC}") = "023_staticMethod", "023_staticMethod\023_staticMethod.csproj", "{139E2C92-D23A-4644-A5D9-27BF0E10FD5B}"
EndProject
Project("{FAE04EC0-301F-11D3-BF4B-00C04F79EFBC}") = "024_susi2_1", "024_susi2_1\024_susi2_1.csproj", "{8B2CBCA4-4D3C-47B9-8AAC-05B6C6760F0D}"
EndProject
Project("{FAE04EC0-301F-11D3-BF4B-00C04F79EFBC}") = "025_Susi2_2", "025_Susi2_2\025_Susi2_2.csproj", "{9744421E-886B-4889-B9F7-4A58898B4FE7}"
EndProject
Project("{FAE04EC0-301F-11D3-BF4B-00C04F79EFBC}") = "026_Student", "026_Student\026_Student.csproj", "{683C55EE-3111-426C-99EC-52285A78EF4B}"
EndProject
Project("{FAE04EC0-301F-11D3-BF4B-00C04F79EFBC}") = "028_Circle", "028_Circle\028_Circle.csproj", "{E7832D48-FBAA-49A1-AC6E-72035AE5A02C}"
EndProject
Global
	GlobalSection(SolutionConfigurationPlatforms) = preSolution
		Debug|Any CPU = Debug|Any CPU
		Debug|x64 = Debug|x64
		Debug|x86 = Debug|x86
		Release|Any CPU = Release|Any CPU
		Release|x64 = Release|x64
		Release|x86 = Release|x86
	EndGlobalSection
	GlobalSection(ProjectConfigurationPlatforms) = postSolution
		{B794F6BF-2D46-4B67-B648-7C61556B766F}.Debug|Any CPU.ActiveCfg = Debug|x64
		{B794F6BF-2D46-4B67-B648-7C61556B766F}.Debug|Any CPU.Build.0 = Debug|x64
		{B794F6BF-2D46-4B67-B648-7C61556B766F}.Debug|x64.ActiveCfg = Debug|x64
		{B794F6BF-2D46-4B67-B648-7C61556B766F}.Debug|x64.Build.0 = Debug|x64
		{B794F6BF-2D46-4B67-B648-7C61556B766F}.Debug|x86.ActiveCfg = Debug|Win32
		{B794F6BF-2D46-4B67-B648-7C61556B766F}.Debug|x86.Build.0 = Debug|Win32
		{B794F6BF-2D46-4B67-B648-7C61556B766F}.Release|Any CPU.ActiveCfg = Release|x64
		{B794F6BF-2D46-4B67-B648-7C61556B766F}.Release|Any CPU.Build.0 = Release|x64
		{B794F6BF-2D46-4B67-B648-7C61556B766F}.Release|x64.ActiveCfg = Release|x64
		{B794F6BF-2D46-4B67-B648-7C61556B766F}.Release|x64.Build.0 = Release|x64
		{B794F6BF-2D46-4B67-B648-7C61556B766F}.Release|x86.ActiveCfg = Release|Win32
		{B794F6BF-2D46-4B67-B648-7C61556B766F}.Release|x86.Build.0 = Release|Win32
		{7E4650EE-1B4C-45EF-A3C5-153A1CEB628E}.Debug|Any CPU.ActiveCfg = Debug|x64
		{7E4650EE-1B4C-45EF-A3C5-153A1CEB628E}.Debug|Any CPU.Build.0 = Debug|x64
		{7E4650EE-1B4C-45EF-A3C5-153A1CEB628E}.Debug|x64.ActiveCfg = Debug|x64
		{7E4650EE-1B4C-45EF-A3C5-153A1CEB628E}.Debug|x64.Build.0 = Debug|x64
		{7E4650EE-1B4C-45EF-A3C5-153A1CEB628E}.Debug|x86.ActiveCfg = Debug|Win32
		{7E4650EE-1B4C-45EF-A3C5-153A1CEB628E}.Debug|x86.Build.0 = Debug|Win32
		{7E4650EE-1B4C-45EF-A3C5-153A1CEB628E}.Release|Any CPU.ActiveCfg = Release|x64
		{7E4650EE-1B4C-45EF-A3C5-153A1CEB628E}.Release|Any CPU.Build.0 = Release|x64
		{7E4650EE-1B4C-45EF-A3C5-153A1CEB628E}.Release|x64.ActiveCfg = Release|x64
		{7E4650EE-1B4C-45EF-A3C5-153A1CEB628E}.Release|x64.Build.0 = Release|x64
		{7E4650EE-1B4C-45EF-A3C5-153A1CEB628E}.Release|x86.ActiveCfg = Release|Win32
		{7E4650EE-1B4C-45EF-A3C5-153A1CEB628E}.Release|x86.Build.0 = Release|Win32
		{F0042B0C-14A0-4EBB-A8D9-E43D541674CB}.Debug|Any CPU.ActiveCfg = Debug|Any CPU
		{F0042B0C-14A0-4EBB-A8D9-E43D541674CB}.Debug|Any CPU.Build.0 = Debug|Any CPU
		{F0042B0C-14A0-4EBB-A8D9-E43D541674CB}.Debug|x64.ActiveCfg = Debug|Any CPU
		{F0042B0C-14A0-4EBB-A8D9-E43D541674CB}.Debug|x64.Build.0 = Debug|Any CPU
		{F0042B0C-14A0-4EBB-A8D9-E43D541674CB}.Debug|x86.ActiveCfg = Debug|Any CPU
		{F0042B0C-14A0-4EBB-A8D9-E43D541674CB}.Debug|x86.Build.0 = Debug|Any CPU
		{F0042B0C-14A0-4EBB-A8D9-E43D541674CB}.Release|Any CPU.ActiveCfg = Release|Any CPU
		{F0042B0C-14A0-4EBB-A8D9-E43D541674CB}.Release|Any CPU.Build.0 = Release|Any CPU
		{F0042B0C-14A0-4EBB-A8D9-E43D541674CB}.Release|x64.ActiveCfg = Release|Any CPU
		{F0042B0C-14A0-4EBB-A8D9-E43D541674CB}.Release|x64.Build.0 = Release|Any CPU
		{F0042B0C-14A0-4EBB-A8D9-E43D541674CB}.Release|x86.ActiveCfg = Release|Any CPU
		{F0042B0C-14A0-4EBB-A8D9-E43D541674CB}.Release|x86.Build.0 = Release|Any CPU
		{13761722-4C8E-45FD-BB43-5327BF38D54E}.Debug|Any CPU.ActiveCfg = Debug|Any CPU
		{13761722-4C8E-45FD-BB43-5327BF38D54E}.Debug|Any CPU.Build.0 = Debug|Any CPU
		{13761722-4C8E-45FD-BB43-5327BF38D54E}.Debug|x64.ActiveCfg = Debug|Any CPU
		{13761722-4C8E-45FD-BB43-5327BF38D54E}.Debug|x64.Build.0 = Debug|Any CPU
		{13761722-4C8E-45FD-BB43-5327BF38D54E}.Debug|x86.ActiveCfg = Debug|Any CPU
		{13761722-4C8E-45FD-BB43-5327BF38D54E}.Debug|x86.Build.0 = Debug|Any CPU
		{13761722-4C8E-45FD-BB43-5327BF38D54E}.Release|Any CPU.ActiveCfg = Release|Any CPU
		{13761722-4C8E-45FD-BB43-5327BF38D54E}.Release|Any CPU.Build.0 = Release|Any CPU
		{13761722-4C8E-45FD-BB43-5327BF38D54E}.Release|x64.ActiveCfg = Release|Any CPU
		{13761722-4C8E-45FD-BB43-5327BF38D54E}.Release|x64.Build.0 = Release|Any CPU
		{13761722-4C8E-45FD-BB43-5327BF38D54E}.Release|x86.ActiveCfg = Release|Any CPU
		{13761722-4C8E-45FD-BB43-5327BF38D54E}.Release|x86.Build.0 = Release|Any CPU
		{66A9D404-955B-4988-862D-CAD7886B6DBA}.Debug|Any CPU.ActiveCfg = Debug|Any CPU
		{66A9D404-955B-4988-862D-CAD7886B6DBA}.Debug|Any CPU.Build.0 = Debug|Any CPU
		{66A9D404-955B-4988-862D-CAD7886B6DBA}.Debug|x64.ActiveCfg = Debug|Any CPU
		{66A9D404-955B-4988-862D-CAD7886B6DBA}.Debug|x64.Build.0 = Debug|Any CPU
		{66A9D404-955B-4988-862D-CAD7886B6DBA}.Debug|x86.ActiveCfg = Debug|Any CPU
		{66A9D404-955B-4988-862D-CAD7886B6DBA}.Debug|x86.Build.0 = Debug|Any CPU
		{66A9D404-955B-4988-862D-CAD7886B6DBA}.Release|Any CPU.ActiveCfg = Release|Any CPU
		{66A9D404-955B-4988-862D-CAD7886B6DBA}.Release|Any CPU.Build.0 = Release|Any CPU
		{66A9D404-955B-4988-862D-CAD7886B6DBA}.Release|x64.ActiveCfg = Release|Any CPU
		{66A9D404-955B-4988-862D-CAD7886B6DBA}.Release|x64.Build.0 = Release|Any CPU
		{66A9D404-955B-4988-862D-CAD7886B6DBA}.Release|x86.ActiveCfg = Release|Any CPU
		{66A9D404-955B-4988-862D-CAD7886B6DBA}.Release|x86.Build.0 = Release|Any CPU
		{B5FF5515-BD3D-4C59-9AF7-C5EB5A7AA0DB}.Debug|Any CPU.ActiveCfg = Debug|Any CPU
		{B5FF5515-BD3D-4C59-9AF7-C5EB5A7AA0DB}.Debug|Any CPU.Build.0 = Debug|Any CPU
		{B5FF5515-BD3D-4C59-9AF7-C5EB5A7AA0DB}.Debug|x64.ActiveCfg = Debug|Any CPU
		{B5FF5515-BD3D-4C59-9AF7-C5EB5A7AA0DB}.Debug|x64.Build.0 = Debug|Any CPU
		{B5FF5515-BD3D-4C59-9AF7-C5EB5A7AA0DB}.Debug|x86.ActiveCfg = Debug|Any CPU
		{B5FF5515-BD3D-4C59-9AF7-C5EB5A7AA0DB}.Debug|x86.Build.0 = Debug|Any CPU
		{B5FF5515-BD3D-4C59-9AF7-C5EB5A7AA0DB}.Release|Any CPU.ActiveCfg = Release|Any CPU
		{B5FF5515-BD3D-4C59-9AF7-C5EB5A7AA0DB}.Release|Any CPU.Build.0 = Release|Any CPU
		{B5FF5515-BD3D-4C59-9AF7-C5EB5A7AA0DB}.Release|x64.ActiveCfg = Release|Any CPU
		{B5FF5515-BD3D-4C59-9AF7-C5EB5A7AA0DB}.Release|x64.Build.0 = Release|Any CPU
		{B5FF5515-BD3D-4C59-9AF7-C5EB5A7AA0DB}.Release|x86.ActiveCfg = Release|Any CPU
		{B5FF5515-BD3D-4C59-9AF7-C5EB5A7AA0DB}.Release|x86.Build.0 = Release|Any CPU
		{557BEBEB-DA29-44DE-9ED3-D09E7DACD0AA}.Debug|Any CPU.ActiveCfg = Debug|Any CPU
		{557BEBEB-DA29-44DE-9ED3-D09E7DACD0AA}.Debug|Any CPU.Build.0 = Debug|Any CPU
		{557BEBEB-DA29-44DE-9ED3-D09E7DACD0AA}.Debug|x64.ActiveCfg = Debug|Any CPU
		{557BEBEB-DA29-44DE-9ED3-D09E7DACD0AA}.Debug|x64.Build.0 = Debug|Any CPU
		{557BEBEB-DA29-44DE-9ED3-D09E7DACD0AA}.Debug|x86.ActiveCfg = Debug|Any CPU
		{557BEBEB-DA29-44DE-9ED3-D09E7DACD0AA}.Debug|x86.Build.0 = Debug|Any CPU
		{557BEBEB-DA29-44DE-9ED3-D09E7DACD0AA}.Release|Any CPU.ActiveCfg = Release|Any CPU
		{557BEBEB-DA29-44DE-9ED3-D09E7DACD0AA}.Release|Any CPU.Build.0 = Release|Any CPU
		{557BEBEB-DA29-44DE-9ED3-D09E7DACD0AA}.Release|x64.ActiveCfg = Release|Any CPU
		{557BEBEB-DA29-44DE-9ED3-D09E7DACD0AA}.Release|x64.Build.0 = Release|Any CPU
		{557BEBEB-DA29-44DE-9ED3-D09E7DACD0AA}.Release|x86.ActiveCfg = Release|Any CPU
		{557BEBEB-DA29-44DE-9ED3-D09E7DACD0AA}.Release|x86.Build.0 = Release|Any CPU
		{1B42F11E-BB8E-458B-9A9C-7CCDD5C1EE31}.Debug|Any CPU.ActiveCfg = Debug|Any CPU
		{1B42F11E-BB8E-458B-9A9C-7CCDD5C1EE31}.Debug|Any CPU.Build.0 = Debug|Any CPU
		{1B42F11E-BB8E-458B-9A9C-7CCDD5C1EE31}.Debug|x64.ActiveCfg = Debug|Any CPU
		{1B42F11E-BB8E-458B-9A9C-7CCDD5C1EE31}.Debug|x64.Build.0 = Debug|Any CPU
		{1B42F11E-BB8E-458B-9A9C-7CCDD5C1EE31}.Debug|x86.ActiveCfg = Debug|Any CPU
		{1B42F11E-BB8E-458B-9A9C-7CCDD5C1EE31}.Debug|x86.Build.0 = Debug|Any CPU
		{1B42F11E-BB8E-458B-9A9C-7CCDD5C1EE31}.Release|Any CPU.ActiveCfg = Release|Any CPU
		{1B42F11E-BB8E-458B-9A9C-7CCDD5C1EE31}.Release|Any CPU.Build.0 = Release|Any CPU
		{1B42F11E-BB8E-458B-9A9C-7CCDD5C1EE31}.Release|x64.ActiveCfg = Release|Any CPU
		{1B42F11E-BB8E-458B-9A9C-7CCDD5C1EE31}.Release|x64.Build.0 = Release|Any CPU
		{1B42F11E-BB8E-458B-9A9C-7CCDD5C1EE31}.Release|x86.ActiveCfg = Release|Any CPU
		{1B42F11E-BB8E-458B-9A9C-7CCDD5C1EE31}.Release|x86.Build.0 = Release|Any CPU
		{A64A81BF-E75D-4DB4-ADBD-09A524342C1D}.Debug|Any CPU.ActiveCfg = Debug|Any CPU
		{A64A81BF-E75D-4DB4-ADBD-09A524342C1D}.Debug|Any CPU.Build.0 = Debug|Any CPU
		{A64A81BF-E75D-4DB4-ADBD-09A524342C1D}.Debug|x64.ActiveCfg = Debug|Any CPU
		{A64A81BF-E75D-4DB4-ADBD-09A524342C1D}.Debug|x64.Build.0 = Debug|Any CPU
		{A64A81BF-E75D-4DB4-ADBD-09A524342C1D}.Debug|x86.ActiveCfg = Debug|Any CPU
		{A64A81BF-E75D-4DB4-ADBD-09A524342C1D}.Debug|x86.Build.0 = Debug|Any CPU
		{A64A81BF-E75D-4DB4-ADBD-09A524342C1D}.Release|Any CPU.ActiveCfg = Release|Any CPU
		{A64A81BF-E75D-4DB4-ADBD-09A524342C1D}.Release|Any CPU.Build.0 = Release|Any CPU
		{A64A81BF-E75D-4DB4-ADBD-09A524342C1D}.Release|x64.ActiveCfg = Release|Any CPU
		{A64A81BF-E75D-4DB4-ADBD-09A524342C1D}.Release|x64.Build.0 = Release|Any CPU
		{A64A81BF-E75D-4DB4-ADBD-09A524342C1D}.Release|x86.ActiveCfg = Release|Any CPU
		{A64A81BF-E75D-4DB4-ADBD-09A524342C1D}.Release|x86.Build.0 = Release|Any CPU
		{F5F69D65-7873-40E1-917C-DBC9FCF56F26}.Debug|Any CPU.ActiveCfg = Debug|Any CPU
		{F5F69D65-7873-40E1-917C-DBC9FCF56F26}.Debug|Any CPU.Build.0 = Debug|Any CPU
		{F5F69D65-7873-40E1-917C-DBC9FCF56F26}.Debug|x64.ActiveCfg = Debug|Any CPU
		{F5F69D65-7873-40E1-917C-DBC9FCF56F26}.Debug|x64.Build.0 = Debug|Any CPU
		{F5F69D65-7873-40E1-917C-DBC9FCF56F26}.Debug|x86.ActiveCfg = Debug|Any CPU
		{F5F69D65-7873-40E1-917C-DBC9FCF56F26}.Debug|x86.Build.0 = Debug|Any CPU
		{F5F69D65-7873-40E1-917C-DBC9FCF56F26}.Release|Any CPU.ActiveCfg = Release|Any CPU
		{F5F69D65-7873-40E1-917C-DBC9FCF56F26}.Release|Any CPU.Build.0 = Release|Any CPU
		{F5F69D65-7873-40E1-917C-DBC9FCF56F26}.Release|x64.ActiveCfg = Release|Any CPU
		{F5F69D65-7873-40E1-917C-DBC9FCF56F26}.Release|x64.Build.0 = Release|Any CPU
		{F5F69D65-7873-40E1-917C-DBC9FCF56F26}.Release|x86.ActiveCfg = Release|Any CPU
		{F5F69D65-7873-40E1-917C-DBC9FCF56F26}.Release|x86.Build.0 = Release|Any CPU
		{DE2F8D2D-EF37-43FB-B6A6-EC54A5480F3C}.Debug|Any CPU.ActiveCfg = Debug|Any CPU
		{DE2F8D2D-EF37-43FB-B6A6-EC54A5480F3C}.Debug|Any CPU.Build.0 = Debug|Any CPU
		{DE2F8D2D-EF37-43FB-B6A6-EC54A5480F3C}.Debug|x64.ActiveCfg = Debug|Any CPU
		{DE2F8D2D-EF37-43FB-B6A6-EC54A5480F3C}.Debug|x64.Build.0 = Debug|Any CPU
		{DE2F8D2D-EF37-43FB-B6A6-EC54A5480F3C}.Debug|x86.ActiveCfg = Debug|Any CPU
		{DE2F8D2D-EF37-43FB-B6A6-EC54A5480F3C}.Debug|x86.Build.0 = Debug|Any CPU
		{DE2F8D2D-EF37-43FB-B6A6-EC54A5480F3C}.Release|Any CPU.ActiveCfg = Release|Any CPU
		{DE2F8D2D-EF37-43FB-B6A6-EC54A5480F3C}.Release|Any CPU.Build.0 = Release|Any CPU
		{DE2F8D2D-EF37-43FB-B6A6-EC54A5480F3C}.Release|x64.ActiveCfg = Release|Any CPU
		{DE2F8D2D-EF37-43FB-B6A6-EC54A5480F3C}.Release|x64.Build.0 = Release|Any CPU
		{DE2F8D2D-EF37-43FB-B6A6-EC54A5480F3C}.Release|x86.ActiveCfg = Release|Any CPU
		{DE2F8D2D-EF37-43FB-B6A6-EC54A5480F3C}.Release|x86.Build.0 = Release|Any CPU
		{743CF95E-1088-422C-9B20-6F9045C0EAE9}.Debug|Any CPU.ActiveCfg = Debug|Any CPU
		{743CF95E-1088-422C-9B20-6F9045C0EAE9}.Debug|Any CPU.Build.0 = Debug|Any CPU
		{743CF95E-1088-422C-9B20-6F9045C0EAE9}.Debug|x64.ActiveCfg = Debug|Any CPU
		{743CF95E-1088-422C-9B20-6F9045C0EAE9}.Debug|x64.Build.0 = Debug|Any CPU
		{743CF95E-1088-422C-9B20-6F9045C0EAE9}.Debug|x86.ActiveCfg = Debug|Any CPU
		{743CF95E-1088-422C-9B20-6F9045C0EAE9}.Debug|x86.Build.0 = Debug|Any CPU
		{743CF95E-1088-422C-9B20-6F9045C0EAE9}.Release|Any CPU.ActiveCfg = Release|Any CPU
		{743CF95E-1088-422C-9B20-6F9045C0EAE9}.Release|Any CPU.Build.0 = Release|Any CPU
		{743CF95E-1088-422C-9B20-6F9045C0EAE9}.Release|x64.ActiveCfg = Release|Any CPU
		{743CF95E-1088-422C-9B20-6F9045C0EAE9}.Release|x64.Build.0 = Release|Any CPU
		{743CF95E-1088-422C-9B20-6F9045C0EAE9}.Release|x86.ActiveCfg = Release|Any CPU
		{743CF95E-1088-422C-9B20-6F9045C0EAE9}.Release|x86.Build.0 = Release|Any CPU
		{9E9A0766-79EE-4983-BF15-C71FAA496CB8}.Debug|Any CPU.ActiveCfg = Debug|Any CPU
		{9E9A0766-79EE-4983-BF15-C71FAA496CB8}.Debug|Any CPU.Build.0 = Debug|Any CPU
		{9E9A0766-79EE-4983-BF15-C71FAA496CB8}.Debug|x64.ActiveCfg = Debug|Any CPU
		{9E9A0766-79EE-4983-BF15-C71FAA496CB8}.Debug|x64.Build.0 = Debug|Any CPU
		{9E9A0766-79EE-4983-BF15-C71FAA496CB8}.Debug|x86.ActiveCfg = Debug|Any CPU
		{9E9A0766-79EE-4983-BF15-C71FAA496CB8}.Debug|x86.Build.0 = Debug|Any CPU
		{9E9A0766-79EE-4983-BF15-C71FAA496CB8}.Release|Any CPU.ActiveCfg = Release|Any CPU
		{9E9A0766-79EE-4983-BF15-C71FAA496CB8}.Release|Any CPU.Build.0 = Release|Any CPU
		{9E9A0766-79EE-4983-BF15-C71FAA496CB8}.Release|x64.ActiveCfg = Release|Any CPU
		{9E9A0766-79EE-4983-BF15-C71FAA496CB8}.Release|x64.Build.0 = Release|Any CPU
		{9E9A0766-79EE-4983-BF15-C71FAA496CB8}.Release|x86.ActiveCfg = Release|Any CPU
		{9E9A0766-79EE-4983-BF15-C71FAA496CB8}.Release|x86.Build.0 = Release|Any CPU
		{1E1CCFE1-CF2A-4CDC-B581-9E9E0BB9CA21}.Debug|Any CPU.ActiveCfg = Debug|Any CPU
		{1E1CCFE1-CF2A-4CDC-B581-9E9E0BB9CA21}.Debug|Any CPU.Build.0 = Debug|Any CPU
		{1E1CCFE1-CF2A-4CDC-B581-9E9E0BB9CA21}.Debug|x64.ActiveCfg = Debug|Any CPU
		{1E1CCFE1-CF2A-4CDC-B581-9E9E0BB9CA21}.Debug|x64.Build.0 = Debug|Any CPU
		{1E1CCFE1-CF2A-4CDC-B581-9E9E0BB9CA21}.Debug|x86.ActiveCfg = Debug|Any CPU
		{1E1CCFE1-CF2A-4CDC-B581-9E9E0BB9CA21}.Debug|x86.Build.0 = Debug|Any CPU
		{1E1CCFE1-CF2A-4CDC-B581-9E9E0BB9CA21}.Release|Any CPU.ActiveCfg = Release|Any CPU
		{1E1CCFE1-CF2A-4CDC-B581-9E9E0BB9CA21}.Release|Any CPU.Build.0 = Release|Any CPU
		{1E1CCFE1-CF2A-4CDC-B581-9E9E0BB9CA21}.Release|x64.ActiveCfg = Release|Any CPU
		{1E1CCFE1-CF2A-4CDC-B581-9E9E0BB9CA21}.Release|x64.Build.0 = Release|Any CPU
		{1E1CCFE1-CF2A-4CDC-B581-9E9E0BB9CA21}.Release|x86.ActiveCfg = Release|Any CPU
		{1E1CCFE1-CF2A-4CDC-B581-9E9E0BB9CA21}.Release|x86.Build.0 = Release|Any CPU
		{22F5B822-4498-4A4B-86D4-F016DEFB6F0D}.Debug|Any CPU.ActiveCfg = Debug|Any CPU
		{22F5B822-4498-4A4B-86D4-F016DEFB6F0D}.Debug|Any CPU.Build.0 = Debug|Any CPU
		{22F5B822-4498-4A4B-86D4-F016DEFB6F0D}.Debug|x64.ActiveCfg = Debug|Any CPU
		{22F5B822-4498-4A4B-86D4-F016DEFB6F0D}.Debug|x64.Build.0 = Debug|Any CPU
		{22F5B822-4498-4A4B-86D4-F016DEFB6F0D}.Debug|x86.ActiveCfg = Debug|Any CPU
		{22F5B822-4498-4A4B-86D4-F016DEFB6F0D}.Debug|x86.Build.0 = Debug|Any CPU
		{22F5B822-4498-4A4B-86D4-F016DEFB6F0D}.Release|Any CPU.ActiveCfg = Release|Any CPU
		{22F5B822-4498-4A4B-86D4-F016DEFB6F0D}.Release|Any CPU.Build.0 = Release|Any CPU
		{22F5B822-4498-4A4B-86D4-F016DEFB6F0D}.Release|x64.ActiveCfg = Release|Any CPU
		{22F5B822-4498-4A4B-86D4-F016DEFB6F0D}.Release|x64.Build.0 = Release|Any CPU
		{22F5B822-4498-4A4B-86D4-F016DEFB6F0D}.Release|x86.ActiveCfg = Release|Any CPU
		{22F5B822-4498-4A4B-86D4-F016DEFB6F0D}.Release|x86.Build.0 = Release|Any CPU
		{01652BCC-BA1F-4D9F-969A-E1CA743A8198}.Debug|Any CPU.ActiveCfg = Debug|Any CPU
		{01652BCC-BA1F-4D9F-969A-E1CA743A8198}.Debug|Any CPU.Build.0 = Debug|Any CPU
		{01652BCC-BA1F-4D9F-969A-E1CA743A8198}.Debug|x64.ActiveCfg = Debug|Any CPU
		{01652BCC-BA1F-4D9F-969A-E1CA743A8198}.Debug|x64.Build.0 = Debug|Any CPU
		{01652BCC-BA1F-4D9F-969A-E1CA743A8198}.Debug|x86.ActiveCfg = Debug|Any CPU
		{01652BCC-BA1F-4D9F-969A-E1CA743A8198}.Debug|x86.Build.0 = Debug|Any CPU
		{01652BCC-BA1F-4D9F-969A-E1CA743A8198}.Release|Any CPU.ActiveCfg = Release|Any CPU
		{01652BCC-BA1F-4D9F-969A-E1CA743A8198}.Release|Any CPU.Build.0 = Release|Any CPU
		{01652BCC-BA1F-4D9F-969A-E1CA743A8198}.Release|x64.ActiveCfg = Release|Any CPU
		{01652BCC-BA1F-4D9F-969A-E1CA743A8198}.Release|x64.Build.0 = Release|Any CPU
		{01652BCC-BA1F-4D9F-969A-E1CA743A8198}.Release|x86.ActiveCfg = Release|Any CPU
		{01652BCC-BA1F-4D9F-969A-E1CA743A8198}.Release|x86.Build.0 = Release|Any CPU
		{D516FEC7-2B77-4F86-8DFC-BDDBF649F3A1}.Debug|Any CPU.ActiveCfg = Debug|Any CPU
		{D516FEC7-2B77-4F86-8DFC-BDDBF649F3A1}.Debug|Any CPU.Build.0 = Debug|Any CPU
		{D516FEC7-2B77-4F86-8DFC-BDDBF649F3A1}.Debug|x64.ActiveCfg = Debug|Any CPU
		{D516FEC7-2B77-4F86-8DFC-BDDBF649F3A1}.Debug|x64.Build.0 = Debug|Any CPU
		{D516FEC7-2B77-4F86-8DFC-BDDBF649F3A1}.Debug|x86.ActiveCfg = Debug|Any CPU
		{D516FEC7-2B77-4F86-8DFC-BDDBF649F3A1}.Debug|x86.Build.0 = Debug|Any CPU
		{D516FEC7-2B77-4F86-8DFC-BDDBF649F3A1}.Release|Any CPU.ActiveCfg = Release|Any CPU
		{D516FEC7-2B77-4F86-8DFC-BDDBF649F3A1}.Release|Any CPU.Build.0 = Release|Any CPU
		{D516FEC7-2B77-4F86-8DFC-BDDBF649F3A1}.Release|x64.ActiveCfg = Release|Any CPU
		{D516FEC7-2B77-4F86-8DFC-BDDBF649F3A1}.Release|x64.Build.0 = Release|Any CPU
		{D516FEC7-2B77-4F86-8DFC-BDDBF649F3A1}.Release|x86.ActiveCfg = Release|Any CPU
		{D516FEC7-2B77-4F86-8DFC-BDDBF649F3A1}.Release|x86.Build.0 = Release|Any CPU
		{25BB52F4-BA98-4EAC-A2A6-60FE43EB3638}.Debug|Any CPU.ActiveCfg = Debug|Any CPU
		{25BB52F4-BA98-4EAC-A2A6-60FE43EB3638}.Debug|Any CPU.Build.0 = Debug|Any CPU
		{25BB52F4-BA98-4EAC-A2A6-60FE43EB3638}.Debug|x64.ActiveCfg = Debug|Any CPU
		{25BB52F4-BA98-4EAC-A2A6-60FE43EB3638}.Debug|x64.Build.0 = Debug|Any CPU
		{25BB52F4-BA98-4EAC-A2A6-60FE43EB3638}.Debug|x86.ActiveCfg = Debug|Any CPU
		{25BB52F4-BA98-4EAC-A2A6-60FE43EB3638}.Debug|x86.Build.0 = Debug|Any CPU
		{25BB52F4-BA98-4EAC-A2A6-60FE43EB3638}.Release|Any CPU.ActiveCfg = Release|Any CPU
		{25BB52F4-BA98-4EAC-A2A6-60FE43EB3638}.Release|Any CPU.Build.0 = Release|Any CPU
		{25BB52F4-BA98-4EAC-A2A6-60FE43EB3638}.Release|x64.ActiveCfg = Release|Any CPU
		{25BB52F4-BA98-4EAC-A2A6-60FE43EB3638}.Release|x64.Build.0 = Release|Any CPU
		{25BB52F4-BA98-4EAC-A2A6-60FE43EB3638}.Release|x86.ActiveCfg = Release|Any CPU
		{25BB52F4-BA98-4EAC-A2A6-60FE43EB3638}.Release|x86.Build.0 = Release|Any CPU
		{15EFAD61-E4AF-44A5-836D-2358F008EA7A}.Debug|Any CPU.ActiveCfg = Debug|Any CPU
		{15EFAD61-E4AF-44A5-836D-2358F008EA7A}.Debug|Any CPU.Build.0 = Debug|Any CPU
		{15EFAD61-E4AF-44A5-836D-2358F008EA7A}.Debug|x64.ActiveCfg = Debug|Any CPU
		{15EFAD61-E4AF-44A5-836D-2358F008EA7A}.Debug|x64.Build.0 = Debug|Any CPU
		{15EFAD61-E4AF-44A5-836D-2358F008EA7A}.Debug|x86.ActiveCfg = Debug|Any CPU
		{15EFAD61-E4AF-44A5-836D-2358F008EA7A}.Debug|x86.Build.0 = Debug|Any CPU
		{15EFAD61-E4AF-44A5-836D-2358F008EA7A}.Release|Any CPU.ActiveCfg = Release|Any CPU
		{15EFAD61-E4AF-44A5-836D-2358F008EA7A}.Release|Any CPU.Build.0 = Release|Any CPU
		{15EFAD61-E4AF-44A5-836D-2358F008EA7A}.Release|x64.ActiveCfg = Release|Any CPU
		{15EFAD61-E4AF-44A5-836D-2358F008EA7A}.Release|x64.Build.0 = Release|Any CPU
		{15EFAD61-E4AF-44A5-836D-2358F008EA7A}.Release|x86.ActiveCfg = Release|Any CPU
		{15EFAD61-E4AF-44A5-836D-2358F008EA7A}.Release|x86.Build.0 = Release|Any CPU
		{5150E82B-58EC-47C8-BD21-34B7E8FB3C97}.Debug|Any CPU.ActiveCfg = Debug|Any CPU
		{5150E82B-58EC-47C8-BD21-34B7E8FB3C97}.Debug|Any CPU.Build.0 = Debug|Any CPU
		{5150E82B-58EC-47C8-BD21-34B7E8FB3C97}.Debug|x64.ActiveCfg = Debug|Any CPU
		{5150E82B-58EC-47C8-BD21-34B7E8FB3C97}.Debug|x64.Build.0 = Debug|Any CPU
		{5150E82B-58EC-47C8-BD21-34B7E8FB3C97}.Debug|x86.ActiveCfg = Debug|Any CPU
		{5150E82B-58EC-47C8-BD21-34B7E8FB3C97}.Debug|x86.Build.0 = Debug|Any CPU
		{5150E82B-58EC-47C8-BD21-34B7E8FB3C97}.Release|Any CPU.ActiveCfg = Release|Any CPU
		{5150E82B-58EC-47C8-BD21-34B7E8FB3C97}.Release|Any CPU.Build.0 = Release|Any CPU
		{5150E82B-58EC-47C8-BD21-34B7E8FB3C97}.Release|x64.ActiveCfg = Release|Any CPU
		{5150E82B-58EC-47C8-BD21-34B7E8FB3C97}.Release|x64.Build.0 = Release|Any CPU
		{5150E82B-58EC-47C8-BD21-34B7E8FB3C97}.Release|x86.ActiveCfg = Release|Any CPU
		{5150E82B-58EC-47C8-BD21-34B7E8FB3C97}.Release|x86.Build.0 = Release|Any CPU
		{373CFF78-6E8F-44C5-8B65-5082543C197A}.Debug|Any CPU.ActiveCfg = Debug|Any CPU
		{373CFF78-6E8F-44C5-8B65-5082543C197A}.Debug|Any CPU.Build.0 = Debug|Any CPU
		{373CFF78-6E8F-44C5-8B65-5082543C197A}.Debug|x64.ActiveCfg = Debug|Any CPU
		{373CFF78-6E8F-44C5-8B65-5082543C197A}.Debug|x64.Build.0 = Debug|Any CPU
		{373CFF78-6E8F-44C5-8B65-5082543C197A}.Debug|x86.ActiveCfg = Debug|Any CPU
		{373CFF78-6E8F-44C5-8B65-5082543C197A}.Debug|x86.Build.0 = Debug|Any CPU
		{373CFF78-6E8F-44C5-8B65-5082543C197A}.Release|Any CPU.ActiveCfg = Release|Any CPU
		{373CFF78-6E8F-44C5-8B65-5082543C197A}.Release|Any CPU.Build.0 = Release|Any CPU
		{373CFF78-6E8F-44C5-8B65-5082543C197A}.Release|x64.ActiveCfg = Release|Any CPU
		{373CFF78-6E8F-44C5-8B65-5082543C197A}.Release|x64.Build.0 = Release|Any CPU
		{373CFF78-6E8F-44C5-8B65-5082543C197A}.Release|x86.ActiveCfg = Release|Any CPU
		{373CFF78-6E8F-44C5-8B65-5082543C197A}.Release|x86.Build.0 = Release|Any CPU
		{83CC591F-95A4-4530-A5C0-F6F653E2049E}.Debug|Any CPU.ActiveCfg = Debug|Any CPU
		{83CC591F-95A4-4530-A5C0-F6F653E2049E}.Debug|Any CPU.Build.0 = Debug|Any CPU
		{83CC591F-95A4-4530-A5C0-F6F653E2049E}.Debug|x64.ActiveCfg = Debug|Any CPU
		{83CC591F-95A4-4530-A5C0-F6F653E2049E}.Debug|x64.Build.0 = Debug|Any CPU
		{83CC591F-95A4-4530-A5C0-F6F653E2049E}.Debug|x86.ActiveCfg = Debug|Any CPU
		{83CC591F-95A4-4530-A5C0-F6F653E2049E}.Debug|x86.Build.0 = Debug|Any CPU
		{83CC591F-95A4-4530-A5C0-F6F653E2049E}.Release|Any CPU.ActiveCfg = Release|Any CPU
		{83CC591F-95A4-4530-A5C0-F6F653E2049E}.Release|Any CPU.Build.0 = Release|Any CPU
		{83CC591F-95A4-4530-A5C0-F6F653E2049E}.Release|x64.ActiveCfg = Release|Any CPU
		{83CC591F-95A4-4530-A5C0-F6F653E2049E}.Release|x64.Build.0 = Release|Any CPU
		{83CC591F-95A4-4530-A5C0-F6F653E2049E}.Release|x86.ActiveCfg = Release|Any CPU
		{83CC591F-95A4-4530-A5C0-F6F653E2049E}.Release|x86.Build.0 = Release|Any CPU
		{139E2C92-D23A-4644-A5D9-27BF0E10FD5B}.Debug|Any CPU.ActiveCfg = Debug|Any CPU
		{139E2C92-D23A-4644-A5D9-27BF0E10FD5B}.Debug|Any CPU.Build.0 = Debug|Any CPU
		{139E2C92-D23A-4644-A5D9-27BF0E10FD5B}.Debug|x64.ActiveCfg = Debug|Any CPU
		{139E2C92-D23A-4644-A5D9-27BF0E10FD5B}.Debug|x64.Build.0 = Debug|Any CPU
		{139E2C92-D23A-4644-A5D9-27BF0E10FD5B}.Debug|x86.ActiveCfg = Debug|Any CPU
		{139E2C92-D23A-4644-A5D9-27BF0E10FD5B}.Debug|x86.Build.0 = Debug|Any CPU
		{139E2C92-D23A-4644-A5D9-27BF0E10FD5B}.Release|Any CPU.ActiveCfg = Release|Any CPU
		{139E2C92-D23A-4644-A5D9-27BF0E10FD5B}.Release|Any CPU.Build.0 = Release|Any CPU
		{139E2C92-D23A-4644-A5D9-27BF0E10FD5B}.Release|x64.ActiveCfg = Release|Any CPU
		{139E2C92-D23A-4644-A5D9-27BF0E10FD5B}.Release|x64.Build.0 = Release|Any CPU
		{139E2C92-D23A-4644-A5D9-27BF0E10FD5B}.Release|x86.ActiveCfg = Release|Any CPU
		{139E2C92-D23A-4644-A5D9-27BF0E10FD5B}.Release|x86.Build.0 = Release|Any CPU
		{8B2CBCA4-4D3C-47B9-8AAC-05B6C6760F0D}.Debug|Any CPU.ActiveCfg = Debug|Any CPU
		{8B2CBCA4-4D3C-47B9-8AAC-05B6C6760F0D}.Debug|Any CPU.Build.0 = Debug|Any CPU
		{8B2CBCA4-4D3C-47B9-8AAC-05B6C6760F0D}.Debug|x64.ActiveCfg = Debug|Any CPU
		{8B2CBCA4-4D3C-47B9-8AAC-05B6C6760F0D}.Debug|x64.Build.0 = Debug|Any CPU
		{8B2CBCA4-4D3C-47B9-8AAC-05B6C6760F0D}.Debug|x86.ActiveCfg = Debug|Any CPU
		{8B2CBCA4-4D3C-47B9-8AAC-05B6C6760F0D}.Debug|x86.Build.0 = Debug|Any CPU
		{8B2CBCA4-4D3C-47B9-8AAC-05B6C6760F0D}.Release|Any CPU.ActiveCfg = Release|Any CPU
		{8B2CBCA4-4D3C-47B9-8AAC-05B6C6760F0D}.Release|Any CPU.Build.0 = Release|Any CPU
		{8B2CBCA4-4D3C-47B9-8AAC-05B6C6760F0D}.Release|x64.ActiveCfg = Release|Any CPU
		{8B2CBCA4-4D3C-47B9-8AAC-05B6C6760F0D}.Release|x64.Build.0 = Release|Any CPU
		{8B2CBCA4-4D3C-47B9-8AAC-05B6C6760F0D}.Release|x86.ActiveCfg = Release|Any CPU
		{8B2CBCA4-4D3C-47B9-8AAC-05B6C6760F0D}.Release|x86.Build.0 = Release|Any CPU
		{9744421E-886B-4889-B9F7-4A58898B4FE7}.Debug|Any CPU.ActiveCfg = Debug|Any CPU
		{9744421E-886B-4889-B9F7-4A58898B4FE7}.Debug|Any CPU.Build.0 = Debug|Any CPU
		{9744421E-886B-4889-B9F7-4A58898B4FE7}.Debug|x64.ActiveCfg = Debug|Any CPU
		{9744421E-886B-4889-B9F7-4A58898B4FE7}.Debug|x64.Build.0 = Debug|Any CPU
		{9744421E-886B-4889-B9F7-4A58898B4FE7}.Debug|x86.ActiveCfg = Debug|Any CPU
		{9744421E-886B-4889-B9F7-4A58898B4FE7}.Debug|x86.Build.0 = Debug|Any CPU
		{9744421E-886B-4889-B9F7-4A58898B4FE7}.Release|Any CPU.ActiveCfg = Release|Any CPU
		{9744421E-886B-4889-B9F7-4A58898B4FE7}.Release|Any CPU.Build.0 = Release|Any CPU
		{9744421E-886B-4889-B9F7-4A58898B4FE7}.Release|x64.ActiveCfg = Release|Any CPU
		{9744421E-886B-4889-B9F7-4A58898B4FE7}.Release|x64.Build.0 = Release|Any CPU
		{9744421E-886B-4889-B9F7-4A58898B4FE7}.Release|x86.ActiveCfg = Release|Any CPU
		{9744421E-886B-4889-B9F7-4A58898B4FE7}.Release|x86.Build.0 = Release|Any CPU
		{683C55EE-3111-426C-99EC-52285A78EF4B}.Debug|Any CPU.ActiveCfg = Debug|Any CPU
		{683C55EE-3111-426C-99EC-52285A78EF4B}.Debug|Any CPU.Build.0 = Debug|Any CPU
		{683C55EE-3111-426C-99EC-52285A78EF4B}.Debug|x64.ActiveCfg = Debug|Any CPU
		{683C55EE-3111-426C-99EC-52285A78EF4B}.Debug|x64.Build.0 = Debug|Any CPU
		{683C55EE-3111-426C-99EC-52285A78EF4B}.Debug|x86.ActiveCfg = Debug|Any CPU
		{683C55EE-3111-426C-99EC-52285A78EF4B}.Debug|x86.Build.0 = Debug|Any CPU
		{683C55EE-3111-426C-99EC-52285A78EF4B}.Release|Any CPU.ActiveCfg = Release|Any CPU
		{683C55EE-3111-426C-99EC-52285A78EF4B}.Release|Any CPU.Build.0 = Release|Any CPU
		{683C55EE-3111-426C-99EC-52285A78EF4B}.Release|x64.ActiveCfg = Release|Any CPU
		{683C55EE-3111-426C-99EC-52285A78EF4B}.Release|x64.Build.0 = Release|Any CPU
		{683C55EE-3111-426C-99EC-52285A78EF4B}.Release|x86.ActiveCfg = Release|Any CPU
		{683C55EE-3111-426C-99EC-52285A78EF4B}.Release|x86.Build.0 = Release|Any CPU
		{E7832D48-FBAA-49A1-AC6E-72035AE5A02C}.Debug|Any CPU.ActiveCfg = Debug|Any CPU
		{E7832D48-FBAA-49A1-AC6E-72035AE5A02C}.Debug|Any CPU.Build.0 = Debug|Any CPU
		{E7832D48-FBAA-49A1-AC6E-72035AE5A02C}.Debug|x64.ActiveCfg = Debug|Any CPU
		{E7832D48-FBAA-49A1-AC6E-72035AE5A02C}.Debug|x64.Build.0 = Debug|Any CPU
		{E7832D48-FBAA-49A1-AC6E-72035AE5A02C}.Debug|x86.ActiveCfg = Debug|Any CPU
		{E7832D48-FBAA-49A1-AC6E-72035AE5A02C}.Debug|x86.Build.0 = Debug|Any CPU
		{E7832D48-FBAA-49A1-AC6E-72035AE5A02C}.Release|Any CPU.ActiveCfg = Release|Any CPU
		{E7832D48-FBAA-49A1-AC6E-72035AE5A02C}.Release|Any CPU.Build.0 = Release|Any CPU
		{E7832D48-FBAA-49A1-AC6E-72035AE5A02C}.Release|x64.ActiveCfg = Release|Any CPU
		{E7832D48-FBAA-49A1-AC6E-72035AE5A02C}.Release|x64.Build.0 = Release|Any CPU
		{E7832D48-FBAA-49A1-AC6E-72035AE5A02C}.Release|x86.ActiveCfg = Release|Any CPU
		{E7832D48-FBAA-49A1-AC6E-72035AE5A02C}.Release|x86.Build.0 = Release|Any CPU
	EndGlobalSection
	GlobalSection(SolutionProperties) = preSolution
		HideSolutionNode = FALSE
	EndGlobalSection
EndGlobal
